
Microsoft Visual Studio Solution File, Format Version 12.00
# Visual Studio 15
VisualStudioVersion = 15.0.27130.2036
MinimumVisualStudioVersion = 10.0.40219.1
Project("{FAE04EC0-301F-11D3-BF4B-00C04F79EFBC}") = "com.zetes.be.devopssampleapi", "com.zetes.be.devopssampleapi\com.zetes.be.devopssampleapi.csproj", "{41DD83B1-C7D1-4AA1-BA0B-94E0C305FF68}"
EndProject
Global
	GlobalSection(SolutionConfigurationPlatforms) = preSolution
		Debug|Any CPU = Debug|Any CPU
		Release|Any CPU = Release|Any CPU
	EndGlobalSection
	GlobalSection(ProjectConfigurationPlatforms) = postSolution
		{41DD83B1-C7D1-4AA1-BA0B-94E0C305FF68}.Debug|Any CPU.ActiveCfg = Debug|Any CPU
		{41DD83B1-C7D1-4AA1-BA0B-94E0C305FF68}.Debug|Any CPU.Build.0 = Debug|Any CPU
		{41DD83B1-C7D1-4AA1-BA0B-94E0C305FF68}.Release|Any CPU.ActiveCfg = Release|Any CPU
		{41DD83B1-C7D1-4AA1-BA0B-94E0C305FF68}.Release|Any CPU.Build.0 = Release|Any CPU
	EndGlobalSection
	GlobalSection(SolutionProperties) = preSolution
		HideSolutionNode = FALSE
	EndGlobalSection
	GlobalSection(ExtensibilityGlobals) = postSolution
		SolutionGuid = {4B0DB5FD-BE1B-4E44-BA94-F8D24ED44515}
	EndGlobalSection
EndGlobal
